
Microsoft Visual Studio Solution File, Format Version 12.00
# Visual Studio 14
VisualStudioVersion = 14.0.25420.1
MinimumVisualStudioVersion = 10.0.40219.1
Project("{F184B08F-C81C-45F6-A57F-5ABD9991F28F}") = "MultiForm", "MultiForm\MultiForm.vbproj", "{C2DF8AB1-D2FB-48A2-9EE1-76C470C6B604}"
EndProject
Global
	GlobalSection(SolutionConfigurationPlatforms) = preSolution
		Debug|Any CPU = Debug|Any CPU
		Release|Any CPU = Release|Any CPU
	EndGlobalSection
	GlobalSection(ProjectConfigurationPlatforms) = postSolution
		{C2DF8AB1-D2FB-48A2-9EE1-76C470C6B604}.Debug|Any CPU.ActiveCfg = Debug|Any CPU
		{C2DF8AB1-D2FB-48A2-9EE1-76C470C6B604}.Debug|Any CPU.Build.0 = Debug|Any CPU
		{C2DF8AB1-D2FB-48A2-9EE1-76C470C6B604}.Release|Any CPU.ActiveCfg = Release|Any CPU
		{C2DF8AB1-D2FB-48A2-9EE1-76C470C6B604}.Release|Any CPU.Build.0 = Release|Any CPU
	EndGlobalSection
	GlobalSection(SolutionProperties) = preSolution
		HideSolutionNode = FALSE
	EndGlobalSection
EndGlobal
